
Microsoft Visual Studio Solution File, Format Version 12.00
# Visual Studio Version 17
VisualStudioVersion = 17.7.34221.43
MinimumVisualStudioVersion = 10.0.40219.1
Project("{FAE04EC0-301F-11D3-BF4B-00C04F79EFBC}") = "Store.Api.Ingestion", "Store.Api.Ingestion.csproj", "{DF791B92-044F-4D07-BD48-1BBBF31DBED3}"
EndProject
Global
	GlobalSection(SolutionConfigurationPlatforms) = preSolution
		Debug|Any CPU = Debug|Any CPU
		Release|Any CPU = Release|Any CPU
	EndGlobalSection
	GlobalSection(ProjectConfigurationPlatforms) = postSolution
		{DF791B92-044F-4D07-BD48-1BBBF31DBED3}.Debug|Any CPU.ActiveCfg = Debug|Any CPU
		{DF791B92-044F-4D07-BD48-1BBBF31DBED3}.Debug|Any CPU.Build.0 = Debug|Any CPU
		{DF791B92-044F-4D07-BD48-1BBBF31DBED3}.Release|Any CPU.ActiveCfg = Release|Any CPU
		{DF791B92-044F-4D07-BD48-1BBBF31DBED3}.Release|Any CPU.Build.0 = Release|Any CPU
	EndGlobalSection
	GlobalSection(SolutionProperties) = preSolution
		HideSolutionNode = FALSE
	EndGlobalSection
	GlobalSection(ExtensibilityGlobals) = postSolution
		SolutionGuid = {54A47C56-720B-4229-8BF4-D2EDDD3E25FD}
	EndGlobalSection
EndGlobal
